
Microsoft Visual Studio Solution File, Format Version 12.00
# Visual Studio 15
VisualStudioVersion = 15.0.28010.2050
MinimumVisualStudioVersion = 10.0.40219.1
Project("{FAE04EC0-301F-11D3-BF4B-00C04F79EFBC}") = "NotificationPoc", "NotificationPoc\NotificationPoc.csproj", "{15CCD283-9C47-4468-8833-540E3F85229F}"
EndProject
Global
	GlobalSection(SolutionConfigurationPlatforms) = preSolution
		Debug|Any CPU = Debug|Any CPU
		Release|Any CPU = Release|Any CPU
	EndGlobalSection
	GlobalSection(ProjectConfigurationPlatforms) = postSolution
		{15CCD283-9C47-4468-8833-540E3F85229F}.Debug|Any CPU.ActiveCfg = Debug|Any CPU
		{15CCD283-9C47-4468-8833-540E3F85229F}.Debug|Any CPU.Build.0 = Debug|Any CPU
		{15CCD283-9C47-4468-8833-540E3F85229F}.Release|Any CPU.ActiveCfg = Release|Any CPU
		{15CCD283-9C47-4468-8833-540E3F85229F}.Release|Any CPU.Build.0 = Release|Any CPU
	EndGlobalSection
	GlobalSection(SolutionProperties) = preSolution
		HideSolutionNode = FALSE
	EndGlobalSection
	GlobalSection(ExtensibilityGlobals) = postSolution
		SolutionGuid = {5F51FB4A-1762-46A1-AE47-4B1988C642A3}
	EndGlobalSection
EndGlobal
